// !$*UTF8*$!
{
	archiveVersion = 1;
	classes = {
	};
	objectVersion = 46;
	objects = {

/* Begin PBXBuildFile section */
		729C10AFDF1D1FFC5F3B2F7D /* Pods_Warmshowers.framework in Frameworks */ = {isa = PBXBuildFile; fileRef = 41CE4247DD6EEBA9135EDC97 /* Pods_Warmshowers.framework */; settings = {ATTRIBUTES = (Weak, ); }; };
		73C979E624E10C6864594746 /* Pods_WarmshowersTests.framework in Frameworks */ = {isa = PBXBuildFile; fileRef = 23326D4A50F1BEADD824F208 /* Pods_WarmshowersTests.framework */; settings = {ATTRIBUTES = (Weak, ); }; };
		841E85D61B3A9CA8001DBF5A /* NewFeedbackViewController.swift in Sources */ = {isa = PBXBuildFile; fileRef = 841E85D51B3A9CA8001DBF5A /* NewFeedbackViewController.swift */; };
		8435FDA21B0CC21A007E2EEB /* APITest.swift in Sources */ = {isa = PBXBuildFile; fileRef = 8435FDA11B0CC21A007E2EEB /* APITest.swift */; };
		844C1A2E1AFBFF630013551A /* Storyboard.swift in Sources */ = {isa = PBXBuildFile; fileRef = 844C1A2D1AFBFF630013551A /* Storyboard.swift */; };
		846D2C8F1B34227D009FADEF /* User.swift in Sources */ = {isa = PBXBuildFile; fileRef = 846D2C8E1B34227D009FADEF /* User.swift */; };
		847D25EA1B35724700E72F87 /* FavoriteViewController.swift in Sources */ = {isa = PBXBuildFile; fileRef = 847D25E91B35724700E72F87 /* FavoriteViewController.swift */; };
		847E786E1B39A4820094C329 /* MessageBodyCell.swift in Sources */ = {isa = PBXBuildFile; fileRef = 847E786D1B39A4820094C329 /* MessageBodyCell.swift */; };
		847E78701B39A4DB0094C329 /* MessageCell.swift in Sources */ = {isa = PBXBuildFile; fileRef = 847E786F1B39A4DB0094C329 /* MessageCell.swift */; };
		848BC7A71AFBD7FD00974467 /* AppDelegate.swift in Sources */ = {isa = PBXBuildFile; fileRef = 848BC7A61AFBD7FD00974467 /* AppDelegate.swift */; };
		848BC7AA1AFBD7FD00974467 /* Warmshowers.xcdatamodeld in Sources */ = {isa = PBXBuildFile; fileRef = 848BC7A81AFBD7FD00974467 /* Warmshowers.xcdatamodeld */; };
		848BC7AF1AFBD7FD00974467 /* Main.storyboard in Resources */ = {isa = PBXBuildFile; fileRef = 848BC7AD1AFBD7FD00974467 /* Main.storyboard */; };
		848BC7B11AFBD7FD00974467 /* Images.xcassets in Resources */ = {isa = PBXBuildFile; fileRef = 848BC7B01AFBD7FD00974467 /* Images.xcassets */; };
		848BC7B41AFBD7FD00974467 /* LaunchScreen.xib in Resources */ = {isa = PBXBuildFile; fileRef = 848BC7B21AFBD7FD00974467 /* LaunchScreen.xib */; };
		849970961B11C407005D2601 /* FeedbackSerialization.swift in Sources */ = {isa = PBXBuildFile; fileRef = 849970921B11C407005D2601 /* FeedbackSerialization.swift */; };
		849970971B11C407005D2601 /* MessageSerialization.swift in Sources */ = {isa = PBXBuildFile; fileRef = 849970931B11C407005D2601 /* MessageSerialization.swift */; };
		849970981B11C407005D2601 /* MessageThreadSerialization.swift in Sources */ = {isa = PBXBuildFile; fileRef = 849970941B11C407005D2601 /* MessageThreadSerialization.swift */; };
		849970991B11C407005D2601 /* UserSerialization.swift in Sources */ = {isa = PBXBuildFile; fileRef = 849970951B11C407005D2601 /* UserSerialization.swift */; };
		84A8D96A1B14791A00E54581 /* Router.swift in Sources */ = {isa = PBXBuildFile; fileRef = 84A8D9691B14791A00E54581 /* Router.swift */; };
		84A8D96C1B14792D00E54581 /* UserAnnotation.swift in Sources */ = {isa = PBXBuildFile; fileRef = 84A8D96B1B14792D00E54581 /* UserAnnotation.swift */; };
		84CFCD671B0D017100647959 /* AuthenticationViewController.swift in Sources */ = {isa = PBXBuildFile; fileRef = 84CFCD661B0D017100647959 /* AuthenticationViewController.swift */; };
		84CFCD6A1B0D01F400647959 /* MapViewController.swift in Sources */ = {isa = PBXBuildFile; fileRef = 84CFCD681B0D01F400647959 /* MapViewController.swift */; };
		84CFCD6B1B0D01F400647959 /* OtherProfileViewController.swift in Sources */ = {isa = PBXBuildFile; fileRef = 84CFCD691B0D01F400647959 /* OtherProfileViewController.swift */; };
		84CFCD711B0D2B0700647959 /* Feedback.swift in Sources */ = {isa = PBXBuildFile; fileRef = 84CFCD6D1B0D2B0700647959 /* Feedback.swift */; };
		84CFCD721B0D2B0700647959 /* Message.swift in Sources */ = {isa = PBXBuildFile; fileRef = 84CFCD6E1B0D2B0700647959 /* Message.swift */; };
		84CFCD731B0D2B0700647959 /* MessageThread.swift in Sources */ = {isa = PBXBuildFile; fileRef = 84CFCD6F1B0D2B0700647959 /* MessageThread.swift */; };
		84CFCD771B0D2B7F00647959 /* API.swift in Sources */ = {isa = PBXBuildFile; fileRef = 84CFCD751B0D2B7F00647959 /* API.swift */; };
		84CFCD781B0D2B7F00647959 /* APISecrets.swift in Sources */ = {isa = PBXBuildFile; fileRef = 84CFCD761B0D2B7F00647959 /* APISecrets.swift */; };
		84CFCD7C1B0D2E1700647959 /* MessagesViewController.swift in Sources */ = {isa = PBXBuildFile; fileRef = 84CFCD7B1B0D2E1700647959 /* MessagesViewController.swift */; };
		84CFCD7E1B0D386600647959 /* NewMessageViewController.swift in Sources */ = {isa = PBXBuildFile; fileRef = 84CFCD7D1B0D386600647959 /* NewMessageViewController.swift */; };
		84CFCD801B0D38D000647959 /* MessageThreadViewController.swift in Sources */ = {isa = PBXBuildFile; fileRef = 84CFCD7F1B0D38D000647959 /* MessageThreadViewController.swift */; };
		84DDD6721B0D56A6005A8EEE /* MyProfileViewController.swift in Sources */ = {isa = PBXBuildFile; fileRef = 84DDD6711B0D56A6005A8EEE /* MyProfileViewController.swift */; };
/* End PBXBuildFile section */

/* Begin PBXContainerItemProxy section */
		848BC7BA1AFBD7FD00974467 /* PBXContainerItemProxy */ = {
			isa = PBXContainerItemProxy;
			containerPortal = 848BC7991AFBD7FD00974467 /* Project object */;
			proxyType = 1;
			remoteGlobalIDString = 848BC7A01AFBD7FD00974467;
			remoteInfo = Warmshowers;
		};
/* End PBXContainerItemProxy section */

/* Begin PBXFileReference section */
		1843A9E9D94C77C73341E209 /* Pods-Warmshowers.release.xcconfig */ = {isa = PBXFileReference; includeInIndex = 1; lastKnownFileType = text.xcconfig; name = "Pods-Warmshowers.release.xcconfig"; path = "Pods/Target Support Files/Pods-Warmshowers/Pods-Warmshowers.release.xcconfig"; sourceTree = "<group>"; };
		23326D4A50F1BEADD824F208 /* Pods_WarmshowersTests.framework */ = {isa = PBXFileReference; explicitFileType = wrapper.framework; includeInIndex = 0; path = Pods_WarmshowersTests.framework; sourceTree = BUILT_PRODUCTS_DIR; };
		393D17F1A86431DDB0201F6E /* Pods-WarmshowersTests.release.xcconfig */ = {isa = PBXFileReference; includeInIndex = 1; lastKnownFileType = text.xcconfig; name = "Pods-WarmshowersTests.release.xcconfig"; path = "Pods/Target Support Files/Pods-WarmshowersTests/Pods-WarmshowersTests.release.xcconfig"; sourceTree = "<group>"; };
		41CE4247DD6EEBA9135EDC97 /* Pods_Warmshowers.framework */ = {isa = PBXFileReference; explicitFileType = wrapper.framework; includeInIndex = 0; path = Pods_Warmshowers.framework; sourceTree = BUILT_PRODUCTS_DIR; };
		841E85D51B3A9CA8001DBF5A /* NewFeedbackViewController.swift */ = {isa = PBXFileReference; fileEncoding = 4; lastKnownFileType = sourcecode.swift; name = NewFeedbackViewController.swift; path = Controllers/NewFeedbackViewController.swift; sourceTree = "<group>"; };
		8435FDA11B0CC21A007E2EEB /* APITest.swift */ = {isa = PBXFileReference; fileEncoding = 4; lastKnownFileType = sourcecode.swift; path = APITest.swift; sourceTree = "<group>"; };
		844C1A2D1AFBFF630013551A /* Storyboard.swift */ = {isa = PBXFileReference; fileEncoding = 4; lastKnownFileType = sourcecode.swift; path = Storyboard.swift; sourceTree = "<group>"; };
		846D2C8E1B34227D009FADEF /* User.swift */ = {isa = PBXFileReference; fileEncoding = 4; lastKnownFileType = sourcecode.swift; name = User.swift; path = Models/User.swift; sourceTree = "<group>"; };
		847D25E91B35724700E72F87 /* FavoriteViewController.swift */ = {isa = PBXFileReference; fileEncoding = 4; lastKnownFileType = sourcecode.swift; name = FavoriteViewController.swift; path = Controllers/FavoriteViewController.swift; sourceTree = "<group>"; };
		847E786D1B39A4820094C329 /* MessageBodyCell.swift */ = {isa = PBXFileReference; fileEncoding = 4; lastKnownFileType = sourcecode.swift; name = MessageBodyCell.swift; path = Views/MessageBodyCell.swift; sourceTree = "<group>"; };
		847E786F1B39A4DB0094C329 /* MessageCell.swift */ = {isa = PBXFileReference; fileEncoding = 4; lastKnownFileType = sourcecode.swift; name = MessageCell.swift; path = Views/MessageCell.swift; sourceTree = "<group>"; };
		848BC7A11AFBD7FD00974467 /* Warmshowers.app */ = {isa = PBXFileReference; explicitFileType = wrapper.application; includeInIndex = 0; path = Warmshowers.app; sourceTree = BUILT_PRODUCTS_DIR; };
		848BC7A51AFBD7FD00974467 /* Info.plist */ = {isa = PBXFileReference; lastKnownFileType = text.plist.xml; path = Info.plist; sourceTree = "<group>"; };
		848BC7A61AFBD7FD00974467 /* AppDelegate.swift */ = {isa = PBXFileReference; lastKnownFileType = sourcecode.swift; path = AppDelegate.swift; sourceTree = "<group>"; };
		848BC7A91AFBD7FD00974467 /* Warmshowers.xcdatamodel */ = {isa = PBXFileReference; lastKnownFileType = wrapper.xcdatamodel; path = Warmshowers.xcdatamodel; sourceTree = "<group>"; };
		848BC7AE1AFBD7FD00974467 /* Base */ = {isa = PBXFileReference; lastKnownFileType = file.storyboard; name = Base; path = Base.lproj/Main.storyboard; sourceTree = "<group>"; };
		848BC7B01AFBD7FD00974467 /* Images.xcassets */ = {isa = PBXFileReference; lastKnownFileType = folder.assetcatalog; path = Images.xcassets; sourceTree = "<group>"; };
		848BC7B31AFBD7FD00974467 /* Base */ = {isa = PBXFileReference; lastKnownFileType = file.xib; name = Base; path = Base.lproj/LaunchScreen.xib; sourceTree = "<group>"; };
		848BC7B91AFBD7FD00974467 /* WarmshowersTests.xctest */ = {isa = PBXFileReference; explicitFileType = wrapper.cfbundle; includeInIndex = 0; path = WarmshowersTests.xctest; sourceTree = BUILT_PRODUCTS_DIR; };
		848BC7BE1AFBD7FD00974467 /* Info.plist */ = {isa = PBXFileReference; lastKnownFileType = text.plist.xml; path = Info.plist; sourceTree = "<group>"; };
		849970921B11C407005D2601 /* FeedbackSerialization.swift */ = {isa = PBXFileReference; fileEncoding = 4; lastKnownFileType = sourcecode.swift; name = FeedbackSerialization.swift; path = API/FeedbackSerialization.swift; sourceTree = "<group>"; };
		849970931B11C407005D2601 /* MessageSerialization.swift */ = {isa = PBXFileReference; fileEncoding = 4; lastKnownFileType = sourcecode.swift; name = MessageSerialization.swift; path = API/MessageSerialization.swift; sourceTree = "<group>"; };
		849970941B11C407005D2601 /* MessageThreadSerialization.swift */ = {isa = PBXFileReference; fileEncoding = 4; lastKnownFileType = sourcecode.swift; name = MessageThreadSerialization.swift; path = API/MessageThreadSerialization.swift; sourceTree = "<group>"; };
		849970951B11C407005D2601 /* UserSerialization.swift */ = {isa = PBXFileReference; fileEncoding = 4; lastKnownFileType = sourcecode.swift; name = UserSerialization.swift; path = API/UserSerialization.swift; sourceTree = "<group>"; };
		84A8D9691B14791A00E54581 /* Router.swift */ = {isa = PBXFileReference; fileEncoding = 4; lastKnownFileType = sourcecode.swift; name = Router.swift; path = API/Router.swift; sourceTree = "<group>"; };
		84A8D96B1B14792D00E54581 /* UserAnnotation.swift */ = {isa = PBXFileReference; fileEncoding = 4; lastKnownFileType = sourcecode.swift; name = UserAnnotation.swift; path = Views/UserAnnotation.swift; sourceTree = "<group>"; };
		84CFCD661B0D017100647959 /* AuthenticationViewController.swift */ = {isa = PBXFileReference; fileEncoding = 4; lastKnownFileType = sourcecode.swift; name = AuthenticationViewController.swift; path = Controllers/AuthenticationViewController.swift; sourceTree = "<group>"; };
		84CFCD681B0D01F400647959 /* MapViewController.swift */ = {isa = PBXFileReference; fileEncoding = 4; lastKnownFileType = sourcecode.swift; name = MapViewController.swift; path = Controllers/MapViewController.swift; sourceTree = "<group>"; };
		84CFCD691B0D01F400647959 /* OtherProfileViewController.swift */ = {isa = PBXFileReference; fileEncoding = 4; lastKnownFileType = sourcecode.swift; name = OtherProfileViewController.swift; path = Controllers/OtherProfileViewController.swift; sourceTree = "<group>"; };
		84CFCD6D1B0D2B0700647959 /* Feedback.swift */ = {isa = PBXFileReference; fileEncoding = 4; lastKnownFileType = sourcecode.swift; name = Feedback.swift; path = Models/Feedback.swift; sourceTree = "<group>"; };
		84CFCD6E1B0D2B0700647959 /* Message.swift */ = {isa = PBXFileReference; fileEncoding = 4; lastKnownFileType = sourcecode.swift; name = Message.swift; path = Models/Message.swift; sourceTree = "<group>"; };
		84CFCD6F1B0D2B0700647959 /* MessageThread.swift */ = {isa = PBXFileReference; fileEncoding = 4; lastKnownFileType = sourcecode.swift; name = MessageThread.swift; path = Models/MessageThread.swift; sourceTree = "<group>"; };
		84CFCD751B0D2B7F00647959 /* API.swift */ = {isa = PBXFileReference; fileEncoding = 4; lastKnownFileType = sourcecode.swift; name = API.swift; path = API/API.swift; sourceTree = "<group>"; };
		84CFCD761B0D2B7F00647959 /* APISecrets.swift */ = {isa = PBXFileReference; fileEncoding = 4; lastKnownFileType = sourcecode.swift; name = APISecrets.swift; path = API/APISecrets.swift; sourceTree = "<group>"; };
		84CFCD7B1B0D2E1700647959 /* MessagesViewController.swift */ = {isa = PBXFileReference; fileEncoding = 4; lastKnownFileType = sourcecode.swift; name = MessagesViewController.swift; path = Controllers/MessagesViewController.swift; sourceTree = "<group>"; };
		84CFCD7D1B0D386600647959 /* NewMessageViewController.swift */ = {isa = PBXFileReference; fileEncoding = 4; lastKnownFileType = sourcecode.swift; name = NewMessageViewController.swift; path = Controllers/NewMessageViewController.swift; sourceTree = "<group>"; };
		84CFCD7F1B0D38D000647959 /* MessageThreadViewController.swift */ = {isa = PBXFileReference; fileEncoding = 4; lastKnownFileType = sourcecode.swift; name = MessageThreadViewController.swift; path = Controllers/MessageThreadViewController.swift; sourceTree = "<group>"; };
		84DDD6711B0D56A6005A8EEE /* MyProfileViewController.swift */ = {isa = PBXFileReference; fileEncoding = 4; lastKnownFileType = sourcecode.swift; name = MyProfileViewController.swift; path = Controllers/MyProfileViewController.swift; sourceTree = "<group>"; };
		D6FCB87087944DF13BD8B4DF /* Pods-Warmshowers.debug.xcconfig */ = {isa = PBXFileReference; includeInIndex = 1; lastKnownFileType = text.xcconfig; name = "Pods-Warmshowers.debug.xcconfig"; path = "Pods/Target Support Files/Pods-Warmshowers/Pods-Warmshowers.debug.xcconfig"; sourceTree = "<group>"; };
		DF533D9EE4906563B6D713FA /* Pods-WarmshowersTests.debug.xcconfig */ = {isa = PBXFileReference; includeInIndex = 1; lastKnownFileType = text.xcconfig; name = "Pods-WarmshowersTests.debug.xcconfig"; path = "Pods/Target Support Files/Pods-WarmshowersTests/Pods-WarmshowersTests.debug.xcconfig"; sourceTree = "<group>"; };
/* End PBXFileReference section */

/* Begin PBXFrameworksBuildPhase section */
		848BC79E1AFBD7FD00974467 /* Frameworks */ = {
			isa = PBXFrameworksBuildPhase;
			buildActionMask = 2147483647;
			files = (
				729C10AFDF1D1FFC5F3B2F7D /* Pods_Warmshowers.framework in Frameworks */,
			);
			runOnlyForDeploymentPostprocessing = 0;
		};
		848BC7B61AFBD7FD00974467 /* Frameworks */ = {
			isa = PBXFrameworksBuildPhase;
			buildActionMask = 2147483647;
			files = (
				73C979E624E10C6864594746 /* Pods_WarmshowersTests.framework in Frameworks */,
			);
			runOnlyForDeploymentPostprocessing = 0;
		};
/* End PBXFrameworksBuildPhase section */

/* Begin PBXGroup section */
		77AD621FC9BC0B7C062537FA /* Frameworks */ = {
			isa = PBXGroup;
			children = (
				41CE4247DD6EEBA9135EDC97 /* Pods_Warmshowers.framework */,
				23326D4A50F1BEADD824F208 /* Pods_WarmshowersTests.framework */,
			);
			name = Frameworks;
			sourceTree = "<group>";
		};
		846D6BF51AFD635E00144D4F /* API */ = {
			isa = PBXGroup;
			children = (
				84CFCD751B0D2B7F00647959 /* API.swift */,
				84CFCD761B0D2B7F00647959 /* APISecrets.swift */,
				849970921B11C407005D2601 /* FeedbackSerialization.swift */,
				849970931B11C407005D2601 /* MessageSerialization.swift */,
				849970941B11C407005D2601 /* MessageThreadSerialization.swift */,
				84A8D9691B14791A00E54581 /* Router.swift */,
				849970951B11C407005D2601 /* UserSerialization.swift */,
			);
			name = API;
			sourceTree = "<group>";
		};
		848BC7981AFBD7FD00974467 = {
			isa = PBXGroup;
			children = (
				848BC7A31AFBD7FD00974467 /* Warmshowers */,
				848BC7BC1AFBD7FD00974467 /* WarmshowersTests */,
				848BC7A21AFBD7FD00974467 /* Products */,
				872482773126DB5AFA7662D5 /* Pods */,
				77AD621FC9BC0B7C062537FA /* Frameworks */,
			);
			sourceTree = "<group>";
		};
		848BC7A21AFBD7FD00974467 /* Products */ = {
			isa = PBXGroup;
			children = (
				848BC7A11AFBD7FD00974467 /* Warmshowers.app */,
				848BC7B91AFBD7FD00974467 /* WarmshowersTests.xctest */,
			);
			name = Products;
			sourceTree = "<group>";
		};
		848BC7A31AFBD7FD00974467 /* Warmshowers */ = {
			isa = PBXGroup;
			children = (
				848BC7AD1AFBD7FD00974467 /* Main.storyboard */,
				844C1A2D1AFBFF630013551A /* Storyboard.swift */,
				84CFCD6C1B0D2A9E00647959 /* Models */,
				84A8D9661B14785100E54581 /* Views */,
				84CFCD651B0D011200647959 /* Controllers */,
				846D6BF51AFD635E00144D4F /* API */,
				848BC7A41AFBD7FD00974467 /* Supporting Files */,
			);
			path = Warmshowers;
			sourceTree = "<group>";
		};
		848BC7A41AFBD7FD00974467 /* Supporting Files */ = {
			isa = PBXGroup;
			children = (
				848BC7A61AFBD7FD00974467 /* AppDelegate.swift */,
				848BC7B01AFBD7FD00974467 /* Images.xcassets */,
				848BC7B21AFBD7FD00974467 /* LaunchScreen.xib */,
				848BC7A81AFBD7FD00974467 /* Warmshowers.xcdatamodeld */,
				848BC7A51AFBD7FD00974467 /* Info.plist */,
			);
			name = "Supporting Files";
			sourceTree = "<group>";
		};
		848BC7BC1AFBD7FD00974467 /* WarmshowersTests */ = {
			isa = PBXGroup;
			children = (
				848BC7BD1AFBD7FD00974467 /* Supporting Files */,
				8435FDA11B0CC21A007E2EEB /* APITest.swift */,
			);
			path = WarmshowersTests;
			sourceTree = "<group>";
		};
		848BC7BD1AFBD7FD00974467 /* Supporting Files */ = {
			isa = PBXGroup;
			children = (
				848BC7BE1AFBD7FD00974467 /* Info.plist */,
			);
			name = "Supporting Files";
			sourceTree = "<group>";
		};
		84A8D9661B14785100E54581 /* Views */ = {
			isa = PBXGroup;
			children = (
				847E786D1B39A4820094C329 /* MessageBodyCell.swift */,
				847E786F1B39A4DB0094C329 /* MessageCell.swift */,
				84A8D96B1B14792D00E54581 /* UserAnnotation.swift */,
			);
			name = Views;
			sourceTree = "<group>";
		};
		84CFCD651B0D011200647959 /* Controllers */ = {
			isa = PBXGroup;
			children = (
				84CFCD661B0D017100647959 /* AuthenticationViewController.swift */,
				847D25E91B35724700E72F87 /* FavoriteViewController.swift */,
				84CFCD681B0D01F400647959 /* MapViewController.swift */,
				84CFCD7B1B0D2E1700647959 /* MessagesViewController.swift */,
				84CFCD7F1B0D38D000647959 /* MessageThreadViewController.swift */,
				84DDD6711B0D56A6005A8EEE /* MyProfileViewController.swift */,
				841E85D51B3A9CA8001DBF5A /* NewFeedbackViewController.swift */,
				84CFCD7D1B0D386600647959 /* NewMessageViewController.swift */,
				84CFCD691B0D01F400647959 /* OtherProfileViewController.swift */,
			);
			name = Controllers;
			sourceTree = "<group>";
		};
		84CFCD6C1B0D2A9E00647959 /* Models */ = {
			isa = PBXGroup;
			children = (
				84CFCD6D1B0D2B0700647959 /* Feedback.swift */,
				84CFCD6E1B0D2B0700647959 /* Message.swift */,
				84CFCD6F1B0D2B0700647959 /* MessageThread.swift */,
				846D2C8E1B34227D009FADEF /* User.swift */,
			);
			name = Models;
			sourceTree = "<group>";
		};
		872482773126DB5AFA7662D5 /* Pods */ = {
			isa = PBXGroup;
			children = (
				D6FCB87087944DF13BD8B4DF /* Pods-Warmshowers.debug.xcconfig */,
				1843A9E9D94C77C73341E209 /* Pods-Warmshowers.release.xcconfig */,
				DF533D9EE4906563B6D713FA /* Pods-WarmshowersTests.debug.xcconfig */,
				393D17F1A86431DDB0201F6E /* Pods-WarmshowersTests.release.xcconfig */,
			);
			name = Pods;
			sourceTree = "<group>";
		};
/* End PBXGroup section */

/* Begin PBXNativeTarget section */
		848BC7A01AFBD7FD00974467 /* Warmshowers */ = {
			isa = PBXNativeTarget;
			buildConfigurationList = 848BC7C31AFBD7FD00974467 /* Build configuration list for PBXNativeTarget "Warmshowers" */;
			buildPhases = (
				577A48568557198801B0C797 /* Check Pods Manifest.lock */,
				848BC79D1AFBD7FD00974467 /* Sources */,
				848BC79E1AFBD7FD00974467 /* Frameworks */,
				848BC79F1AFBD7FD00974467 /* Resources */,
				8256ADC11880ACB28B890BFE /* Embed Pods Frameworks */,
				511D06A467E6D802A9D4C4A4 /* Copy Pods Resources */,
			);
			buildRules = (
			);
			dependencies = (
			);
			name = Warmshowers;
			productName = Warmshowers;
			productReference = 848BC7A11AFBD7FD00974467 /* Warmshowers.app */;
			productType = "com.apple.product-type.application";
		};
		848BC7B81AFBD7FD00974467 /* WarmshowersTests */ = {
			isa = PBXNativeTarget;
			buildConfigurationList = 848BC7C61AFBD7FD00974467 /* Build configuration list for PBXNativeTarget "WarmshowersTests" */;
			buildPhases = (
				DC2589CFFE79D310FB585891 /* Check Pods Manifest.lock */,
				848BC7B51AFBD7FD00974467 /* Sources */,
				848BC7B61AFBD7FD00974467 /* Frameworks */,
				848BC7B71AFBD7FD00974467 /* Resources */,
				93BF7F53EB12E32AC11A4A30 /* Embed Pods Frameworks */,
				056729B2697EDC5344F7A5B7 /* Copy Pods Resources */,
			);
			buildRules = (
			);
			dependencies = (
				848BC7BB1AFBD7FD00974467 /* PBXTargetDependency */,
			);
			name = WarmshowersTests;
			productName = WarmshowersTests;
			productReference = 848BC7B91AFBD7FD00974467 /* WarmshowersTests.xctest */;
			productType = "com.apple.product-type.bundle.unit-test";
		};
/* End PBXNativeTarget section */

/* Begin PBXProject section */
		848BC7991AFBD7FD00974467 /* Project object */ = {
			isa = PBXProject;
			attributes = {
				LastUpgradeCheck = 0630;
				ORGANIZATIONNAME = mihaeu;
				TargetAttributes = {
					848BC7A01AFBD7FD00974467 = {
						CreatedOnToolsVersion = 6.3;
						SystemCapabilities = {
							com.apple.BackgroundModes = {
								enabled = 1;
							};
						};
					};
					848BC7B81AFBD7FD00974467 = {
						CreatedOnToolsVersion = 6.3;
						TestTargetID = 848BC7A01AFBD7FD00974467;
					};
				};
			};
			buildConfigurationList = 848BC79C1AFBD7FD00974467 /* Build configuration list for PBXProject "Warmshowers" */;
			compatibilityVersion = "Xcode 3.2";
			developmentRegion = English;
			hasScannedForEncodings = 0;
			knownRegions = (
				en,
				Base,
			);
			mainGroup = 848BC7981AFBD7FD00974467;
			productRefGroup = 848BC7A21AFBD7FD00974467 /* Products */;
			projectDirPath = "";
			projectRoot = "";
			targets = (
				848BC7A01AFBD7FD00974467 /* Warmshowers */,
				848BC7B81AFBD7FD00974467 /* WarmshowersTests */,
			);
		};
/* End PBXProject section */

/* Begin PBXResourcesBuildPhase section */
		848BC79F1AFBD7FD00974467 /* Resources */ = {
			isa = PBXResourcesBuildPhase;
			buildActionMask = 2147483647;
			files = (
				848BC7AF1AFBD7FD00974467 /* Main.storyboard in Resources */,
				848BC7B41AFBD7FD00974467 /* LaunchScreen.xib in Resources */,
				848BC7B11AFBD7FD00974467 /* Images.xcassets in Resources */,
			);
			runOnlyForDeploymentPostprocessing = 0;
		};
		848BC7B71AFBD7FD00974467 /* Resources */ = {
			isa = PBXResourcesBuildPhase;
			buildActionMask = 2147483647;
			files = (
			);
			runOnlyForDeploymentPostprocessing = 0;
		};
/* End PBXResourcesBuildPhase section */

/* Begin PBXShellScriptBuildPhase section */
		056729B2697EDC5344F7A5B7 /* Copy Pods Resources */ = {
			isa = PBXShellScriptBuildPhase;
			buildActionMask = 2147483647;
			files = (
			);
			inputPaths = (
			);
			name = "Copy Pods Resources";
			outputPaths = (
			);
			runOnlyForDeploymentPostprocessing = 0;
			shellPath = /bin/sh;
			shellScript = "\"${SRCROOT}/Pods/Target Support Files/Pods-WarmshowersTests/Pods-WarmshowersTests-resources.sh\"\n";
			showEnvVarsInLog = 0;
		};
		511D06A467E6D802A9D4C4A4 /* Copy Pods Resources */ = {
			isa = PBXShellScriptBuildPhase;
			buildActionMask = 2147483647;
			files = (
			);
			inputPaths = (
			);
			name = "Copy Pods Resources";
			outputPaths = (
			);
			runOnlyForDeploymentPostprocessing = 0;
			shellPath = /bin/sh;
			shellScript = "\"${SRCROOT}/Pods/Target Support Files/Pods-Warmshowers/Pods-Warmshowers-resources.sh\"\n";
			showEnvVarsInLog = 0;
		};
		577A48568557198801B0C797 /* Check Pods Manifest.lock */ = {
			isa = PBXShellScriptBuildPhase;
			buildActionMask = 2147483647;
			files = (
			);
			inputPaths = (
			);
			name = "Check Pods Manifest.lock";
			outputPaths = (
			);
			runOnlyForDeploymentPostprocessing = 0;
			shellPath = /bin/sh;
			shellScript = "diff \"${PODS_ROOT}/../Podfile.lock\" \"${PODS_ROOT}/Manifest.lock\" > /dev/null\nif [[ $? != 0 ]] ; then\n    cat << EOM\nerror: The sandbox is not in sync with the Podfile.lock. Run 'pod install' or update your CocoaPods installation.\nEOM\n    exit 1\nfi\n";
			showEnvVarsInLog = 0;
		};
		8256ADC11880ACB28B890BFE /* Embed Pods Frameworks */ = {
			isa = PBXShellScriptBuildPhase;
			buildActionMask = 2147483647;
			files = (
			);
			inputPaths = (
			);
			name = "Embed Pods Frameworks";
			outputPaths = (
			);
			runOnlyForDeploymentPostprocessing = 0;
			shellPath = /bin/sh;
			shellScript = "\"${SRCROOT}/Pods/Target Support Files/Pods-Warmshowers/Pods-Warmshowers-frameworks.sh\"\n";
			showEnvVarsInLog = 0;
		};
		93BF7F53EB12E32AC11A4A30 /* Embed Pods Frameworks */ = {
			isa = PBXShellScriptBuildPhase;
			buildActionMask = 2147483647;
			files = (
			);
			inputPaths = (
			);
			name = "Embed Pods Frameworks";
			outputPaths = (
			);
			runOnlyForDeploymentPostprocessing = 0;
			shellPath = /bin/sh;
			shellScript = "\"${SRCROOT}/Pods/Target Support Files/Pods-WarmshowersTests/Pods-WarmshowersTests-frameworks.sh\"\n";
			showEnvVarsInLog = 0;
		};
		DC2589CFFE79D310FB585891 /* Check Pods Manifest.lock */ = {
			isa = PBXShellScriptBuildPhase;
			buildActionMask = 2147483647;
			files = (
			);
			inputPaths = (
			);
			name = "Check Pods Manifest.lock";
			outputPaths = (
			);
			runOnlyForDeploymentPostprocessing = 0;
			shellPath = /bin/sh;
			shellScript = "diff \"${PODS_ROOT}/../Podfile.lock\" \"${PODS_ROOT}/Manifest.lock\" > /dev/null\nif [[ $? != 0 ]] ; then\n    cat << EOM\nerror: The sandbox is not in sync with the Podfile.lock. Run 'pod install' or update your CocoaPods installation.\nEOM\n    exit 1\nfi\n";
			showEnvVarsInLog = 0;
		};
/* End PBXShellScriptBuildPhase section */

/* Begin PBXSourcesBuildPhase section */
		848BC79D1AFBD7FD00974467 /* Sources */ = {
			isa = PBXSourcesBuildPhase;
			buildActionMask = 2147483647;
			files = (
				84A8D96A1B14791A00E54581 /* Router.swift in Sources */,
				84CFCD771B0D2B7F00647959 /* API.swift in Sources */,
				84CFCD6B1B0D01F400647959 /* OtherProfileViewController.swift in Sources */,
				84CFCD711B0D2B0700647959 /* Feedback.swift in Sources */,
				849970971B11C407005D2601 /* MessageSerialization.swift in Sources */,
				844C1A2E1AFBFF630013551A /* Storyboard.swift in Sources */,
				84CFCD731B0D2B0700647959 /* MessageThread.swift in Sources */,
				849970991B11C407005D2601 /* UserSerialization.swift in Sources */,
				841E85D61B3A9CA8001DBF5A /* NewFeedbackViewController.swift in Sources */,
				849970981B11C407005D2601 /* MessageThreadSerialization.swift in Sources */,
				848BC7AA1AFBD7FD00974467 /* Warmshowers.xcdatamodeld in Sources */,
				84CFCD7E1B0D386600647959 /* NewMessageViewController.swift in Sources */,
				847E78701B39A4DB0094C329 /* MessageCell.swift in Sources */,
				84CFCD801B0D38D000647959 /* MessageThreadViewController.swift in Sources */,
				84A8D96C1B14792D00E54581 /* UserAnnotation.swift in Sources */,
				848BC7A71AFBD7FD00974467 /* AppDelegate.swift in Sources */,
				84CFCD7C1B0D2E1700647959 /* MessagesViewController.swift in Sources */,
				84CFCD721B0D2B0700647959 /* Message.swift in Sources */,
				84CFCD6A1B0D01F400647959 /* MapViewController.swift in Sources */,
				847E786E1B39A4820094C329 /* MessageBodyCell.swift in Sources */,
				84DDD6721B0D56A6005A8EEE /* MyProfileViewController.swift in Sources */,
				84CFCD781B0D2B7F00647959 /* APISecrets.swift in Sources */,
				84CFCD671B0D017100647959 /* AuthenticationViewController.swift in Sources */,
				849970961B11C407005D2601 /* FeedbackSerialization.swift in Sources */,
				847D25EA1B35724700E72F87 /* FavoriteViewController.swift in Sources */,
				846D2C8F1B34227D009FADEF /* User.swift in Sources */,
			);
			runOnlyForDeploymentPostprocessing = 0;
		};
		848BC7B51AFBD7FD00974467 /* Sources */ = {
			isa = PBXSourcesBuildPhase;
			buildActionMask = 2147483647;
			files = (
				8435FDA21B0CC21A007E2EEB /* APITest.swift in Sources */,
			);
			runOnlyForDeploymentPostprocessing = 0;
		};
/* End PBXSourcesBuildPhase section */

/* Begin PBXTargetDependency section */
		848BC7BB1AFBD7FD00974467 /* PBXTargetDependency */ = {
			isa = PBXTargetDependency;
			target = 848BC7A01AFBD7FD00974467 /* Warmshowers */;
			targetProxy = 848BC7BA1AFBD7FD00974467 /* PBXContainerItemProxy */;
		};
/* End PBXTargetDependency section */

/* Begin PBXVariantGroup section */
		848BC7AD1AFBD7FD00974467 /* Main.storyboard */ = {
			isa = PBXVariantGroup;
			children = (
				848BC7AE1AFBD7FD00974467 /* Base */,
			);
			name = Main.storyboard;
			sourceTree = "<group>";
		};
		848BC7B21AFBD7FD00974467 /* LaunchScreen.xib */ = {
			isa = PBXVariantGroup;
			children = (
				848BC7B31AFBD7FD00974467 /* Base */,
			);
			name = LaunchScreen.xib;
			sourceTree = "<group>";
		};
/* End PBXVariantGroup section */

/* Begin XCBuildConfiguration section */
		848BC7C11AFBD7FD00974467 /* Debug */ = {
			isa = XCBuildConfiguration;
			buildSettings = {
				ALWAYS_SEARCH_USER_PATHS = NO;
				CLANG_CXX_LANGUAGE_STANDARD = "gnu++0x";
				CLANG_CXX_LIBRARY = "libc++";
				CLANG_ENABLE_MODULES = YES;
				CLANG_ENABLE_OBJC_ARC = YES;
				CLANG_WARN_BOOL_CONVERSION = YES;
				CLANG_WARN_CONSTANT_CONVERSION = YES;
				CLANG_WARN_DIRECT_OBJC_ISA_USAGE = YES_ERROR;
				CLANG_WARN_EMPTY_BODY = YES;
				CLANG_WARN_ENUM_CONVERSION = YES;
				CLANG_WARN_INT_CONVERSION = YES;
				CLANG_WARN_OBJC_ROOT_CLASS = YES_ERROR;
				CLANG_WARN_UNREACHABLE_CODE = YES;
				CLANG_WARN__DUPLICATE_METHOD_MATCH = YES;
				"CODE_SIGN_IDENTITY[sdk=iphoneos*]" = "iPhone Developer";
				COPY_PHASE_STRIP = NO;
				DEBUG_INFORMATION_FORMAT = "dwarf-with-dsym";
				ENABLE_STRICT_OBJC_MSGSEND = YES;
				GCC_C_LANGUAGE_STANDARD = gnu99;
				GCC_DYNAMIC_NO_PIC = NO;
				GCC_NO_COMMON_BLOCKS = YES;
				GCC_OPTIMIZATION_LEVEL = 0;
				GCC_PREPROCESSOR_DEFINITIONS = (
					"DEBUG=1",
					"$(inherited)",
				);
				GCC_SYMBOLS_PRIVATE_EXTERN = NO;
				GCC_WARN_64_TO_32_BIT_CONVERSION = YES;
				GCC_WARN_ABOUT_RETURN_TYPE = YES_ERROR;
				GCC_WARN_UNDECLARED_SELECTOR = YES;
				GCC_WARN_UNINITIALIZED_AUTOS = YES_AGGRESSIVE;
				GCC_WARN_UNUSED_FUNCTION = YES;
				GCC_WARN_UNUSED_VARIABLE = YES;
				IPHONEOS_DEPLOYMENT_TARGET = 8.3;
				MTL_ENABLE_DEBUG_INFO = YES;
				ONLY_ACTIVE_ARCH = YES;
				SDKROOT = iphoneos;
				SWIFT_OPTIMIZATION_LEVEL = "-Onone";
				TARGETED_DEVICE_FAMILY = "1,2";
			};
			name = Debug;
		};
		848BC7C21AFBD7FD00974467 /* Release */ = {
			isa = XCBuildConfiguration;
			buildSettings = {
				ALWAYS_SEARCH_USER_PATHS = NO;
				CLANG_CXX_LANGUAGE_STANDARD = "gnu++0x";
				CLANG_CXX_LIBRARY = "libc++";
				CLANG_ENABLE_MODULES = YES;
				CLANG_ENABLE_OBJC_ARC = YES;
				CLANG_WARN_BOOL_CONVERSION = YES;
				CLANG_WARN_CONSTANT_CONVERSION = YES;
				CLANG_WARN_DIRECT_OBJC_ISA_USAGE = YES_ERROR;
				CLANG_WARN_EMPTY_BODY = YES;
				CLANG_WARN_ENUM_CONVERSION = YES;
				CLANG_WARN_INT_CONVERSION = YES;
				CLANG_WARN_OBJC_ROOT_CLASS = YES_ERROR;
				CLANG_WARN_UNREACHABLE_CODE = YES;
				CLANG_WARN__DUPLICATE_METHOD_MATCH = YES;
				"CODE_SIGN_IDENTITY[sdk=iphoneos*]" = "iPhone Developer";
				COPY_PHASE_STRIP = NO;
				DEBUG_INFORMATION_FORMAT = "dwarf-with-dsym";
				ENABLE_NS_ASSERTIONS = NO;
				ENABLE_STRICT_OBJC_MSGSEND = YES;
				GCC_C_LANGUAGE_STANDARD = gnu99;
				GCC_NO_COMMON_BLOCKS = YES;
				GCC_WARN_64_TO_32_BIT_CONVERSION = YES;
				GCC_WARN_ABOUT_RETURN_TYPE = YES_ERROR;
				GCC_WARN_UNDECLARED_SELECTOR = YES;
				GCC_WARN_UNINITIALIZED_AUTOS = YES_AGGRESSIVE;
				GCC_WARN_UNUSED_FUNCTION = YES;
				GCC_WARN_UNUSED_VARIABLE = YES;
				IPHONEOS_DEPLOYMENT_TARGET = 8.3;
				MTL_ENABLE_DEBUG_INFO = NO;
				SDKROOT = iphoneos;
				TARGETED_DEVICE_FAMILY = "1,2";
				VALIDATE_PRODUCT = YES;
			};
			name = Release;
		};
		848BC7C41AFBD7FD00974467 /* Debug */ = {
			isa = XCBuildConfiguration;
			baseConfigurationReference = D6FCB87087944DF13BD8B4DF /* Pods-Warmshowers.debug.xcconfig */;
			buildSettings = {
				ASSETCATALOG_COMPILER_APPICON_NAME = AppIcon;
				CLANG_ENABLE_MODULES = YES;
				DEFINES_MODULE = YES;
				INFOPLIST_FILE = Warmshowers/Info.plist;
				LD_RUNPATH_SEARCH_PATHS = "$(inherited) @executable_path/Frameworks";
				OTHER_LDFLAGS = "$(inherited)";
				PRODUCT_NAME = "$(TARGET_NAME)";
				SWIFT_OPTIMIZATION_LEVEL = "-Onone";
			};
			name = Debug;
		};
		848BC7C51AFBD7FD00974467 /* Release */ = {
			isa = XCBuildConfiguration;
			baseConfigurationReference = 1843A9E9D94C77C73341E209 /* Pods-Warmshowers.release.xcconfig */;
			buildSettings = {
				ASSETCATALOG_COMPILER_APPICON_NAME = AppIcon;
				CLANG_ENABLE_MODULES = YES;
				DEFINES_MODULE = YES;
				INFOPLIST_FILE = Warmshowers/Info.plist;
				LD_RUNPATH_SEARCH_PATHS = "$(inherited) @executable_path/Frameworks";
				OTHER_LDFLAGS = "$(inherited)";
				PRODUCT_NAME = "$(TARGET_NAME)";
			};
			name = Release;
		};
		848BC7C71AFBD7FD00974467 /* Debug */ = {
			isa = XCBuildConfiguration;
			baseConfigurationReference = DF533D9EE4906563B6D713FA /* Pods-WarmshowersTests.debug.xcconfig */;
			buildSettings = {
				BUNDLE_LOADER = "$(TEST_HOST)";
				CLANG_ENABLE_MODULES = YES;
				FRAMEWORK_SEARCH_PATHS = (
					"$(SDKROOT)/Developer/Library/Frameworks",
					"$(inherited)",
				);
				GCC_PREPROCESSOR_DEFINITIONS = (
					"DEBUG=1",
					"$(inherited)",
				);
				INFOPLIST_FILE = WarmshowersTests/Info.plist;
				LD_RUNPATH_SEARCH_PATHS = "$(inherited) @executable_path/Frameworks @loader_path/Frameworks";
				PRODUCT_NAME = "$(TARGET_NAME)";
				SWIFT_OPTIMIZATION_LEVEL = "-Onone";
				TEST_HOST = "$(BUILT_PRODUCTS_DIR)/Warmshowers.app/Warmshowers";
			};
			name = Debug;
		};
		848BC7C81AFBD7FD00974467 /* Release */ = {
			isa = XCBuildConfiguration;
			baseConfigurationReference = 393D17F1A86431DDB0201F6E /* Pods-WarmshowersTests.release.xcconfig */;
			buildSettings = {
				BUNDLE_LOADER = "$(TEST_HOST)";
				CLANG_ENABLE_MODULES = YES;
				FRAMEWORK_SEARCH_PATHS = (
					"$(SDKROOT)/Developer/Library/Frameworks",
					"$(inherited)",
				);
				INFOPLIST_FILE = WarmshowersTests/Info.plist;
				LD_RUNPATH_SEARCH_PATHS = "$(inherited) @executable_path/Frameworks @loader_path/Frameworks";
				PRODUCT_NAME = "$(TARGET_NAME)";
				TEST_HOST = "$(BUILT_PRODUCTS_DIR)/Warmshowers.app/Warmshowers";
			};
			name = Release;
		};
/* End XCBuildConfiguration section */

/* Begin XCConfigurationList section */
		848BC79C1AFBD7FD00974467 /* Build configuration list for PBXProject "Warmshowers" */ = {
			isa = XCConfigurationList;
			buildConfigurations = (
				848BC7C11AFBD7FD00974467 /* Debug */,
				848BC7C21AFBD7FD00974467 /* Release */,
			);
			defaultConfigurationIsVisible = 0;
			defaultConfigurationName = Release;
		};
		848BC7C31AFBD7FD00974467 /* Build configuration list for PBXNativeTarget "Warmshowers" */ = {
			isa = XCConfigurationList;
			buildConfigurations = (
				848BC7C41AFBD7FD00974467 /* Debug */,
				848BC7C51AFBD7FD00974467 /* Release */,
			);
			defaultConfigurationIsVisible = 0;
			defaultConfigurationName = Release;
		};
		848BC7C61AFBD7FD00974467 /* Build configuration list for PBXNativeTarget "WarmshowersTests" */ = {
			isa = XCConfigurationList;
			buildConfigurations = (
				848BC7C71AFBD7FD00974467 /* Debug */,
				848BC7C81AFBD7FD00974467 /* Release */,
			);
			defaultConfigurationIsVisible = 0;
			defaultConfigurationName = Release;
		};
/* End XCConfigurationList section */

/* Begin XCVersionGroup section */
		848BC7A81AFBD7FD00974467 /* Warmshowers.xcdatamodeld */ = {
			isa = XCVersionGroup;
			children = (
				848BC7A91AFBD7FD00974467 /* Warmshowers.xcdatamodel */,
			);
			currentVersion = 848BC7A91AFBD7FD00974467 /* Warmshowers.xcdatamodel */;
			path = Warmshowers.xcdatamodeld;
			sourceTree = "<group>";
			versionGroupType = wrapper.xcdatamodel;
		};
/* End XCVersionGroup section */
	};
	rootObject = 848BC7991AFBD7FD00974467 /* Project object */;
}
